
Microsoft Visual Studio Solution File, Format Version 12.00
# Visual Studio Version 17
VisualStudioVersion = 17.0.32014.148
MinimumVisualStudioVersion = 10.0.40219.1
Project("{FAE04EC0-301F-11D3-BF4B-00C04F79EFBC}") = "PirmaPamoka", "PirmaPamoka\PirmaPamoka.csproj", "{0A9E5320-5AFA-4C35-BEF3-BE11B85D42F8}"
EndProject
Global
	GlobalSection(SolutionConfigurationPlatforms) = preSolution
		Debug|Any CPU = Debug|Any CPU
		Release|Any CPU = Release|Any CPU
	EndGlobalSection
	GlobalSection(ProjectConfigurationPlatforms) = postSolution
		{0A9E5320-5AFA-4C35-BEF3-BE11B85D42F8}.Debug|Any CPU.ActiveCfg = Debug|Any CPU
		{0A9E5320-5AFA-4C35-BEF3-BE11B85D42F8}.Debug|Any CPU.Build.0 = Debug|Any CPU
		{0A9E5320-5AFA-4C35-BEF3-BE11B85D42F8}.Release|Any CPU.ActiveCfg = Release|Any CPU
		{0A9E5320-5AFA-4C35-BEF3-BE11B85D42F8}.Release|Any CPU.Build.0 = Release|Any CPU
	EndGlobalSection
	GlobalSection(SolutionProperties) = preSolution
		HideSolutionNode = FALSE
	EndGlobalSection
	GlobalSection(ExtensibilityGlobals) = postSolution
		SolutionGuid = {1DB4F25F-0BAA-41C0-AC49-FD7F089B6656}
	EndGlobalSection
EndGlobal
